
Microsoft Visual Studio Solution File, Format Version 12.00
# Visual Studio 15
VisualStudioVersion = 15.0.26124.0
MinimumVisualStudioVersion = 15.0.26124.0
Project("{FAE04EC0-301F-11D3-BF4B-00C04F79EFBC}") = "django.minisite.existingDB", "django.minisite.existingDB\djangoMinisiteExistingDB.csproj", "{091D6A43-1293-4434-A115-605BF89CDF99}"
EndProject
Project("{FAE04EC0-301F-11D3-BF4B-00C04F79EFBC}") = "SelfMadeDB", "SelfMadeDB\SelfMadeDB.csproj", "{D725E012-2744-47AC-8DEC-E2AA6E14A048}"
EndProject
Global
	GlobalSection(SolutionConfigurationPlatforms) = preSolution
		Debug|Any CPU = Debug|Any CPU
		Debug|x64 = Debug|x64
		Debug|x86 = Debug|x86
		Release|Any CPU = Release|Any CPU
		Release|x64 = Release|x64
		Release|x86 = Release|x86
	EndGlobalSection
	GlobalSection(SolutionProperties) = preSolution
		HideSolutionNode = FALSE
	EndGlobalSection
	GlobalSection(ProjectConfigurationPlatforms) = postSolution
		{B2E22722-7D75-4F04-AD73-72EB6D927C94}.Debug|Any CPU.ActiveCfg = Debug|Any CPU
		{B2E22722-7D75-4F04-AD73-72EB6D927C94}.Debug|Any CPU.Build.0 = Debug|Any CPU
		{B2E22722-7D75-4F04-AD73-72EB6D927C94}.Debug|x64.ActiveCfg = Debug|Any CPU
		{B2E22722-7D75-4F04-AD73-72EB6D927C94}.Debug|x64.Build.0 = Debug|Any CPU
		{B2E22722-7D75-4F04-AD73-72EB6D927C94}.Debug|x86.ActiveCfg = Debug|Any CPU
		{B2E22722-7D75-4F04-AD73-72EB6D927C94}.Debug|x86.Build.0 = Debug|Any CPU
		{B2E22722-7D75-4F04-AD73-72EB6D927C94}.Release|Any CPU.ActiveCfg = Release|Any CPU
		{B2E22722-7D75-4F04-AD73-72EB6D927C94}.Release|Any CPU.Build.0 = Release|Any CPU
		{B2E22722-7D75-4F04-AD73-72EB6D927C94}.Release|x64.ActiveCfg = Release|Any CPU
		{B2E22722-7D75-4F04-AD73-72EB6D927C94}.Release|x64.Build.0 = Release|Any CPU
		{B2E22722-7D75-4F04-AD73-72EB6D927C94}.Release|x86.ActiveCfg = Release|Any CPU
		{B2E22722-7D75-4F04-AD73-72EB6D927C94}.Release|x86.Build.0 = Release|Any CPU
		{091D6A43-1293-4434-A115-605BF89CDF99}.Debug|Any CPU.ActiveCfg = Debug|Any CPU
		{091D6A43-1293-4434-A115-605BF89CDF99}.Debug|Any CPU.Build.0 = Debug|Any CPU
		{091D6A43-1293-4434-A115-605BF89CDF99}.Debug|x64.ActiveCfg = Debug|Any CPU
		{091D6A43-1293-4434-A115-605BF89CDF99}.Debug|x64.Build.0 = Debug|Any CPU
		{091D6A43-1293-4434-A115-605BF89CDF99}.Debug|x86.ActiveCfg = Debug|Any CPU
		{091D6A43-1293-4434-A115-605BF89CDF99}.Debug|x86.Build.0 = Debug|Any CPU
		{091D6A43-1293-4434-A115-605BF89CDF99}.Release|Any CPU.ActiveCfg = Release|Any CPU
		{091D6A43-1293-4434-A115-605BF89CDF99}.Release|Any CPU.Build.0 = Release|Any CPU
		{091D6A43-1293-4434-A115-605BF89CDF99}.Release|x64.ActiveCfg = Release|Any CPU
		{091D6A43-1293-4434-A115-605BF89CDF99}.Release|x64.Build.0 = Release|Any CPU
		{091D6A43-1293-4434-A115-605BF89CDF99}.Release|x86.ActiveCfg = Release|Any CPU
		{091D6A43-1293-4434-A115-605BF89CDF99}.Release|x86.Build.0 = Release|Any CPU
		{D725E012-2744-47AC-8DEC-E2AA6E14A048}.Debug|Any CPU.ActiveCfg = Debug|Any CPU
		{D725E012-2744-47AC-8DEC-E2AA6E14A048}.Debug|Any CPU.Build.0 = Debug|Any CPU
		{D725E012-2744-47AC-8DEC-E2AA6E14A048}.Debug|x64.ActiveCfg = Debug|Any CPU
		{D725E012-2744-47AC-8DEC-E2AA6E14A048}.Debug|x64.Build.0 = Debug|Any CPU
		{D725E012-2744-47AC-8DEC-E2AA6E14A048}.Debug|x86.ActiveCfg = Debug|Any CPU
		{D725E012-2744-47AC-8DEC-E2AA6E14A048}.Debug|x86.Build.0 = Debug|Any CPU
		{D725E012-2744-47AC-8DEC-E2AA6E14A048}.Release|Any CPU.ActiveCfg = Release|Any CPU
		{D725E012-2744-47AC-8DEC-E2AA6E14A048}.Release|Any CPU.Build.0 = Release|Any CPU
		{D725E012-2744-47AC-8DEC-E2AA6E14A048}.Release|x64.ActiveCfg = Release|Any CPU
		{D725E012-2744-47AC-8DEC-E2AA6E14A048}.Release|x64.Build.0 = Release|Any CPU
		{D725E012-2744-47AC-8DEC-E2AA6E14A048}.Release|x86.ActiveCfg = Release|Any CPU
		{D725E012-2744-47AC-8DEC-E2AA6E14A048}.Release|x86.Build.0 = Release|Any CPU
	EndGlobalSection
EndGlobal
